
Microsoft Visual Studio Solution File, Format Version 12.00
# Visual Studio Version 17
VisualStudioVersion = 17.13.35919.96 d17.13
MinimumVisualStudioVersion = 10.0.40219.1
Project("{FAE04EC0-301F-11D3-BF4B-00C04F79EFBC}") = "reporting-gui", "reporting-gui\reporting-gui.csproj", "{337E36EE-FC02-4FA5-ACDC-02F32B7819CC}"
EndProject
Global
	GlobalSection(SolutionConfigurationPlatforms) = preSolution
		Debug|Any CPU = Debug|Any CPU
		Release|Any CPU = Release|Any CPU
	EndGlobalSection
	GlobalSection(ProjectConfigurationPlatforms) = postSolution
		{337E36EE-FC02-4FA5-ACDC-02F32B7819CC}.Debug|Any CPU.ActiveCfg = Debug|Any CPU
		{337E36EE-FC02-4FA5-ACDC-02F32B7819CC}.Debug|Any CPU.Build.0 = Debug|Any CPU
		{337E36EE-FC02-4FA5-ACDC-02F32B7819CC}.Release|Any CPU.ActiveCfg = Release|Any CPU
		{337E36EE-FC02-4FA5-ACDC-02F32B7819CC}.Release|Any CPU.Build.0 = Release|Any CPU
	EndGlobalSection
	GlobalSection(SolutionProperties) = preSolution
		HideSolutionNode = FALSE
	EndGlobalSection
	GlobalSection(ExtensibilityGlobals) = postSolution
		SolutionGuid = {2A9AE17A-BF65-4683-8C0F-1F2BEA15C6ED}
	EndGlobalSection
EndGlobal
